PODS:
  - Data (1.0.0):
    - Domain
  - Domain (1.0.0)
  - Infrastructure (1.0.0)
  - Nimble (10.0.0)
  - Presentation (1.0.0):
    - Domain
    - SnapKit
  - RxCocoa (6.5.0):
    - RxRelay (= 6.5.0)
    - RxSwift (= 6.5.0)
  - RxNimble/Core (6.0.0):
    - Nimble (~> 10.0)
    - RxSwift (~> 6.0)
  - RxNimble/RxTest (6.0.0):
    - RxNimble/Core
    - RxTest
  - RxRelay (6.5.0):
    - RxSwift (= 6.5.0)
  - RxSwift (6.5.0)
  - RxTest (6.5.0):
    - RxSwift (= 6.5.0)
  - SnapKit (5.6.0)

DEPENDENCIES:
  - Data (from `Modules/Data`)
  - Domain (from `Modules/Domain`)
  - Infrastructure (from `Modules/Infrastructure`)
  - Presentation (from `Modules/Presentation`)
  - RxCocoa
  - RxNimble/RxTest
  - RxSwift
  - RxTest
  - SnapKit

SPEC REPOS:
  trunk:
    - Nimble
    - RxCocoa
    - RxNimble
    - RxRelay
    - RxSwift
    - RxTest
    - SnapKit

EXTERNAL SOURCES:
  Data:
    :path: Modules/Data
  Domain:
    :path: Modules/Domain
  Infrastructure:
    :path: Modules/Infrastructure
  Presentation:
    :path: Modules/Presentation

SPEC CHECKSUMS:
  Data: 0be852a8321c938b1bd1704b75f53deea8dd4814
  Domain: ecb18ae008ddbbd01bcbbebe0d73ceb746f72050
  Infrastructure: 508ba42f04a0b058377355ff43cab68166b07a9a
  Nimble: 5316ef81a170ce87baf72dd961f22f89a602ff84
  Presentation: c5a2ed32f94d40f5ac7c7247b64ac09a149624df
  RxCocoa: 94f817b71c07517321eb4f9ad299112ca8af743b
  RxNimble: 04caf11bd7e8f7669d68ef69b8fdfe41552c1ef2
  RxRelay: 1de1523e604c72b6c68feadedd1af3b1b4d0ecbd
  RxSwift: 5710a9e6b17f3c3d6e40d6e559b9fa1e813b2ef8
  RxTest: eb2d23adefc5a5ebf5779c7792fa3edfe6ebcc17
  SnapKit: e01d52ebb8ddbc333eefe2132acf85c8227d9c25

PODFILE CHECKSUM: 6e1f7e8d185de295729dc6e99c3e9cc5e40ec01e

COCOAPODS: 1.11.3
