PODS:
  - Container (1.0.0):
    - Data
    - Domain
  - Data (1.0.0):
    - Domain
    - Infrastructure
    - RxSwift
    - Utils
  - Domain (1.0.0):
    - RxSwift
  - Infrastructure (1.0.0):
    - RxSwift
    - Utils
  - Nimble (10.0.0)
  - Presentation (1.0.0):
    - Container
    - Domain
    - RxCocoa
    - RxSwift
    - SnapKit
    - Utils
  - RxCocoa (6.5.0):
    - RxRelay (= 6.5.0)
    - RxSwift (= 6.5.0)
  - RxNimble/Core (6.0.0):
    - Nimble (~> 10.0)
    - RxSwift (~> 6.0)
  - RxNimble/RxTest (6.0.0):
    - RxNimble/Core
    - RxTest
  - RxRelay (6.5.0):
    - RxSwift (= 6.5.0)
  - RxSwift (6.5.0)
  - RxTest (6.5.0):
    - RxSwift (= 6.5.0)
  - SnapKit (5.6.0)
  - Utils (1.0.0)

DEPENDENCIES:
  - Container (from `Modules/Container`)
  - Data (from `Modules/Data`)
  - Domain (from `Modules/Domain`)
  - Infrastructure (from `Modules/Infrastructure`)
  - Presentation (from `Modules/Presentation`)
  - RxCocoa
  - RxNimble/RxTest
  - RxSwift
  - RxTest
  - SnapKit
  - Utils (from `Modules/Utils`)

SPEC REPOS:
  trunk:
    - Nimble
    - RxCocoa
    - RxNimble
    - RxRelay
    - RxSwift
    - RxTest
    - SnapKit

EXTERNAL SOURCES:
  Container:
    :path: Modules/Container
  Data:
    :path: Modules/Data
  Domain:
    :path: Modules/Domain
  Infrastructure:
    :path: Modules/Infrastructure
  Presentation:
    :path: Modules/Presentation
  Utils:
    :path: Modules/Utils

SPEC CHECKSUMS:
  Container: d60f4d80ee54998feb229c753b9eba88960af73b
  Data: 159e9d41a0cc52b20b0cfd2fcba4e612be800df4
  Domain: 352938e0a9c5abe2a039428155bed62641ecf3ea
  Infrastructure: 0cf08add9edd24043f8ab722e508f98b44e859a1
  Nimble: 5316ef81a170ce87baf72dd961f22f89a602ff84
  Presentation: 203f757c95753c9e8ff74f39fa36df62b00fbc91
  RxCocoa: 94f817b71c07517321eb4f9ad299112ca8af743b
  RxNimble: 04caf11bd7e8f7669d68ef69b8fdfe41552c1ef2
  RxRelay: 1de1523e604c72b6c68feadedd1af3b1b4d0ecbd
  RxSwift: 5710a9e6b17f3c3d6e40d6e559b9fa1e813b2ef8
  RxTest: eb2d23adefc5a5ebf5779c7792fa3edfe6ebcc17
  SnapKit: e01d52ebb8ddbc333eefe2132acf85c8227d9c25
  Utils: 890aafc4e527759118cb62f776402f247052c70e

PODFILE CHECKSUM: d25aa0449cc65a20bf9c2fcd32693c98a8cf88fa

COCOAPODS: 1.11.3
